// !$*UTF8*$!
{
	archiveVersion = 1;
	classes = {
	};
	objectVersion = 55;
	objects = {

/* Begin PBXBuildFile section */
		9B0200BF2725486F00A01932 /* UserConverter.swift in Sources */ = {isa = PBXBuildFile; fileRef = 9B0200BE2725486F00A01932 /* UserConverter.swift */; };
		9B0200C42726ACF700A01932 /* CustomPin.swift in Sources */ = {isa = PBXBuildFile; fileRef = 9B0200C32726ACF700A01932 /* CustomPin.swift */; };
		9B0200C62727058E00A01932 /* EditUserViewController.swift in Sources */ = {isa = PBXBuildFile; fileRef = 9B0200C52727058E00A01932 /* EditUserViewController.swift */; };
		9B36ECFE272BE30A003F9D07 /* SettingsViewController.swift in Sources */ = {isa = PBXBuildFile; fileRef = 9B36ECFD272BE30A003F9D07 /* SettingsViewController.swift */; };
		9B3FC662272DD07000C812FF /* CoreDataManager.swift in Sources */ = {isa = PBXBuildFile; fileRef = 9B3FC661272DD07000C812FF /* CoreDataManager.swift */; };
		9B8B26D4272169AE00927B9A /* UserModel.swift in Sources */ = {isa = PBXBuildFile; fileRef = 9B8B26D3272169AE00927B9A /* UserModel.swift */; };
		9B8B26DB2721831C00927B9A /* UserTableViewCell.swift in Sources */ = {isa = PBXBuildFile; fileRef = 9B8B26D92721831C00927B9A /* UserTableViewCell.swift */; };
		9B8B26DC2721831C00927B9A /* UserTableViewCell.xib in Resources */ = {isa = PBXBuildFile; fileRef = 9B8B26DA2721831C00927B9A /* UserTableViewCell.xib */; };
		9B91CB8C27201DC500FB5001 /* AppDelegate.swift in Sources */ = {isa = PBXBuildFile; fileRef = 9B91CB8B27201DC500FB5001 /* AppDelegate.swift */; };
		9B91CB8E27201DC500FB5001 /* SceneDelegate.swift in Sources */ = {isa = PBXBuildFile; fileRef = 9B91CB8D27201DC500FB5001 /* SceneDelegate.swift */; };
		9B91CB9027201DC500FB5001 /* ViewController.swift in Sources */ = {isa = PBXBuildFile; fileRef = 9B91CB8F27201DC500FB5001 /* ViewController.swift */; };
		9B91CB9327201DC500FB5001 /* Main.storyboard in Resources */ = {isa = PBXBuildFile; fileRef = 9B91CB9127201DC500FB5001 /* Main.storyboard */; };
		9B91CB9527201DC900FB5001 /* Assets.xcassets in Resources */ = {isa = PBXBuildFile; fileRef = 9B91CB9427201DC900FB5001 /* Assets.xcassets */; };
		9B91CB9827201DC900FB5001 /* LaunchScreen.storyboard in Resources */ = {isa = PBXBuildFile; fileRef = 9B91CB9627201DC900FB5001 /* LaunchScreen.storyboard */; };
		9B91CBA327201DC900FB5001 /* pg5601examnTests.swift in Sources */ = {isa = PBXBuildFile; fileRef = 9B91CBA227201DC900FB5001 /* pg5601examnTests.swift */; };
		9B91CBAD27201DC900FB5001 /* pg5601examnUITests.swift in Sources */ = {isa = PBXBuildFile; fileRef = 9B91CBAC27201DC900FB5001 /* pg5601examnUITests.swift */; };
		9B91CBAF27201DC900FB5001 /* pg5601examnUITestsLaunchTests.swift in Sources */ = {isa = PBXBuildFile; fileRef = 9B91CBAE27201DC900FB5001 /* pg5601examnUITestsLaunchTests.swift */; };
		9B91CBBF2720213300FB5001 /* UserManager.swift in Sources */ = {isa = PBXBuildFile; fileRef = 9B91CBBE2720213300FB5001 /* UserManager.swift */; };
		9B91CBC1272024CF00FB5001 /* Users.swift in Sources */ = {isa = PBXBuildFile; fileRef = 9B91CBC0272024CF00FB5001 /* Users.swift */; };
		9BA8978A2721D9730013EA2B /* UserDetailsViewController.swift in Sources */ = {isa = PBXBuildFile; fileRef = 9BA897892721D9730013EA2B /* UserDetailsViewController.swift */; };
		9BE6A2922723E4E500CBC34C /* MapViewController.swift in Sources */ = {isa = PBXBuildFile; fileRef = 9BE6A2912723E4E500CBC34C /* MapViewController.swift */; };
		9BE6A2952724030600CBC34C /* DataModel.xcdatamodeld in Sources */ = {isa = PBXBuildFile; fileRef = 9BE6A2932724030600CBC34C /* DataModel.xcdatamodeld */; };
/* End PBXBuildFile section */

/* Begin PBXContainerItemProxy section */
		9B91CB9F27201DC900FB5001 /* PBXContainerItemProxy */ = {
			isa = PBXContainerItemProxy;
			containerPortal = 9B91CB8027201DC500FB5001 /* Project object */;
			proxyType = 1;
			remoteGlobalIDString = 9B91CB8727201DC500FB5001;
			remoteInfo = pg5601examn;
		};
		9B91CBA927201DC900FB5001 /* PBXContainerItemProxy */ = {
			isa = PBXContainerItemProxy;
			containerPortal = 9B91CB8027201DC500FB5001 /* Project object */;
			proxyType = 1;
			remoteGlobalIDString = 9B91CB8727201DC500FB5001;
			remoteInfo = pg5601examn;
		};
/* End PBXContainerItemProxy section */

/* Begin PBXFileReference section */
		9B0200BE2725486F00A01932 /* UserConverter.swift */ = {isa = PBXFileReference; lastKnownFileType = sourcecode.swift; path = UserConverter.swift; sourceTree = "<group>"; };
		9B0200C32726ACF700A01932 /* CustomPin.swift */ = {isa = PBXFileReference; lastKnownFileType = sourcecode.swift; path = CustomPin.swift; sourceTree = "<group>"; };
		9B0200C52727058E00A01932 /* EditUserViewController.swift */ = {isa = PBXFileReference; lastKnownFileType = sourcecode.swift; path = EditUserViewController.swift; sourceTree = "<group>"; };
		9B36ECFD272BE30A003F9D07 /* SettingsViewController.swift */ = {isa = PBXFileReference; lastKnownFileType = sourcecode.swift; path = SettingsViewController.swift; sourceTree = "<group>"; };
		9B3FC661272DD07000C812FF /* CoreDataManager.swift */ = {isa = PBXFileReference; lastKnownFileType = sourcecode.swift; path = CoreDataManager.swift; sourceTree = "<group>"; };
		9B8B26D3272169AE00927B9A /* UserModel.swift */ = {isa = PBXFileReference; lastKnownFileType = sourcecode.swift; path = UserModel.swift; sourceTree = "<group>"; };
		9B8B26D92721831C00927B9A /* UserTableViewCell.swift */ = {isa = PBXFileReference; lastKnownFileType = sourcecode.swift; path = UserTableViewCell.swift; sourceTree = "<group>"; };
		9B8B26DA2721831C00927B9A /* UserTableViewCell.xib */ = {isa = PBXFileReference; lastKnownFileType = file.xib; path = UserTableViewCell.xib; sourceTree = "<group>"; };
		9B91CB8827201DC500FB5001 /* pg5601examn.app */ = {isa = PBXFileReference; explicitFileType = wrapper.application; includeInIndex = 0; path = pg5601examn.app; sourceTree = BUILT_PRODUCTS_DIR; };
		9B91CB8B27201DC500FB5001 /* AppDelegate.swift */ = {isa = PBXFileReference; lastKnownFileType = sourcecode.swift; path = AppDelegate.swift; sourceTree = "<group>"; };
		9B91CB8D27201DC500FB5001 /* SceneDelegate.swift */ = {isa = PBXFileReference; lastKnownFileType = sourcecode.swift; path = SceneDelegate.swift; sourceTree = "<group>"; };
		9B91CB8F27201DC500FB5001 /* ViewController.swift */ = {isa = PBXFileReference; lastKnownFileType = sourcecode.swift; path = ViewController.swift; sourceTree = "<group>"; };
		9B91CB9227201DC500FB5001 /* Base */ = {isa = PBXFileReference; lastKnownFileType = file.storyboard; name = Base; path = Base.lproj/Main.storyboard; sourceTree = "<group>"; };
		9B91CB9427201DC900FB5001 /* Assets.xcassets */ = {isa = PBXFileReference; lastKnownFileType = folder.assetcatalog; path = Assets.xcassets; sourceTree = "<group>"; };
		9B91CB9727201DC900FB5001 /* Base */ = {isa = PBXFileReference; lastKnownFileType = file.storyboard; name = Base; path = Base.lproj/LaunchScreen.storyboard; sourceTree = "<group>"; };
		9B91CB9927201DC900FB5001 /* Info.plist */ = {isa = PBXFileReference; lastKnownFileType = text.plist.xml; path = Info.plist; sourceTree = "<group>"; };
		9B91CB9E27201DC900FB5001 /* pg5601examnTests.xctest */ = {isa = PBXFileReference; explicitFileType = wrapper.cfbundle; includeInIndex = 0; path = pg5601examnTests.xctest; sourceTree = BUILT_PRODUCTS_DIR; };
		9B91CBA227201DC900FB5001 /* pg5601examnTests.swift */ = {isa = PBXFileReference; lastKnownFileType = sourcecode.swift; path = pg5601examnTests.swift; sourceTree = "<group>"; };
		9B91CBA827201DC900FB5001 /* pg5601examnUITests.xctest */ = {isa = PBXFileReference; explicitFileType = wrapper.cfbundle; includeInIndex = 0; path = pg5601examnUITests.xctest; sourceTree = BUILT_PRODUCTS_DIR; };
		9B91CBAC27201DC900FB5001 /* pg5601examnUITests.swift */ = {isa = PBXFileReference; lastKnownFileType = sourcecode.swift; path = pg5601examnUITests.swift; sourceTree = "<group>"; };
		9B91CBAE27201DC900FB5001 /* pg5601examnUITestsLaunchTests.swift */ = {isa = PBXFileReference; lastKnownFileType = sourcecode.swift; path = pg5601examnUITestsLaunchTests.swift; sourceTree = "<group>"; };
		9B91CBBE2720213300FB5001 /* UserManager.swift */ = {isa = PBXFileReference; lastKnownFileType = sourcecode.swift; path = UserManager.swift; sourceTree = "<group>"; };
		9B91CBC0272024CF00FB5001 /* Users.swift */ = {isa = PBXFileReference; lastKnownFileType = sourcecode.swift; path = Users.swift; sourceTree = "<group>"; };
		9BA897892721D9730013EA2B /* UserDetailsViewController.swift */ = {isa = PBXFileReference; lastKnownFileType = sourcecode.swift; path = UserDetailsViewController.swift; sourceTree = "<group>"; };
		9BE6A2912723E4E500CBC34C /* MapViewController.swift */ = {isa = PBXFileReference; lastKnownFileType = sourcecode.swift; path = MapViewController.swift; sourceTree = "<group>"; };
		9BE6A2942724030600CBC34C /* DataModel.xcdatamodel */ = {isa = PBXFileReference; lastKnownFileType = wrapper.xcdatamodel; path = DataModel.xcdatamodel; sourceTree = "<group>"; };
/* End PBXFileReference section */

/* Begin PBXFrameworksBuildPhase section */
		9B91CB8527201DC500FB5001 /* Frameworks */ = {
			isa = PBXFrameworksBuildPhase;
			buildActionMask = 2147483647;
			files = (
			);
			runOnlyForDeploymentPostprocessing = 0;
		};
		9B91CB9B27201DC900FB5001 /* Frameworks */ = {
			isa = PBXFrameworksBuildPhase;
			buildActionMask = 2147483647;
			files = (
			);
			runOnlyForDeploymentPostprocessing = 0;
		};
		9B91CBA527201DC900FB5001 /* Frameworks */ = {
			isa = PBXFrameworksBuildPhase;
			buildActionMask = 2147483647;
			files = (
			);
			runOnlyForDeploymentPostprocessing = 0;
		};
/* End PBXFrameworksBuildPhase section */

/* Begin PBXGroup section */
		9B91CB7F27201DC500FB5001 = {
			isa = PBXGroup;
			children = (
				9B91CB8A27201DC500FB5001 /* pg5601examn */,
				9B91CBA127201DC900FB5001 /* pg5601examnTests */,
				9B91CBAB27201DC900FB5001 /* pg5601examnUITests */,
				9B91CB8927201DC500FB5001 /* Products */,
			);
			sourceTree = "<group>";
		};
		9B91CB8927201DC500FB5001 /* Products */ = {
			isa = PBXGroup;
			children = (
				9B91CB8827201DC500FB5001 /* pg5601examn.app */,
				9B91CB9E27201DC900FB5001 /* pg5601examnTests.xctest */,
				9B91CBA827201DC900FB5001 /* pg5601examnUITests.xctest */,
			);
			name = Products;
			sourceTree = "<group>";
		};
		9B91CB8A27201DC500FB5001 /* pg5601examn */ = {
			isa = PBXGroup;
			children = (
				9B91CB8B27201DC500FB5001 /* AppDelegate.swift */,
				9B91CB8D27201DC500FB5001 /* SceneDelegate.swift */,
				9BE6A2962724030F00CBC34C /* Data Model */,
				9B91CBBB27201E7900FB5001 /* Model */,
				9B91CBBD27201E8C00FB5001 /* View */,
				9B91CBBC27201E8300FB5001 /* Controller */,
				9B91CB9427201DC900FB5001 /* Assets.xcassets */,
				9B91CB9627201DC900FB5001 /* LaunchScreen.storyboard */,
				9B91CB9927201DC900FB5001 /* Info.plist */,
			);
			path = pg5601examn;
			sourceTree = "<group>";
		};
		9B91CBA127201DC900FB5001 /* pg5601examnTests */ = {
			isa = PBXGroup;
			children = (
				9B91CBA227201DC900FB5001 /* pg5601examnTests.swift */,
			);
			path = pg5601examnTests;
			sourceTree = "<group>";
		};
		9B91CBAB27201DC900FB5001 /* pg5601examnUITests */ = {
			isa = PBXGroup;
			children = (
				9B91CBAC27201DC900FB5001 /* pg5601examnUITests.swift */,
				9B91CBAE27201DC900FB5001 /* pg5601examnUITestsLaunchTests.swift */,
			);
			path = pg5601examnUITests;
			sourceTree = "<group>";
		};
		9B91CBBB27201E7900FB5001 /* Model */ = {
			isa = PBXGroup;
			children = (
				9B91CBBE2720213300FB5001 /* UserManager.swift */,
				9B91CBC0272024CF00FB5001 /* Users.swift */,
				9B8B26D3272169AE00927B9A /* UserModel.swift */,
				9B0200BE2725486F00A01932 /* UserConverter.swift */,
				9B0200C32726ACF700A01932 /* CustomPin.swift */,
				9B3FC661272DD07000C812FF /* CoreDataManager.swift */,
			);
			path = Model;
			sourceTree = "<group>";
		};
		9B91CBBC27201E8300FB5001 /* Controller */ = {
			isa = PBXGroup;
			children = (
				9B91CB8F27201DC500FB5001 /* ViewController.swift */,
				9B8B26D92721831C00927B9A /* UserTableViewCell.swift */,
				9BA897892721D9730013EA2B /* UserDetailsViewController.swift */,
				9BE6A2912723E4E500CBC34C /* MapViewController.swift */,
				9B0200C52727058E00A01932 /* EditUserViewController.swift */,
				9B36ECFD272BE30A003F9D07 /* SettingsViewController.swift */,
			);
			path = Controller;
			sourceTree = "<group>";
		};
		9B91CBBD27201E8C00FB5001 /* View */ = {
			isa = PBXGroup;
			children = (
				9B91CB9127201DC500FB5001 /* Main.storyboard */,
				9B8B26DA2721831C00927B9A /* UserTableViewCell.xib */,
			);
			path = View;
			sourceTree = "<group>";
		};
		9BE6A2962724030F00CBC34C /* Data Model */ = {
			isa = PBXGroup;
			children = (
				9BE6A2932724030600CBC34C /* DataModel.xcdatamodeld */,
			);
			path = "Data Model";
			sourceTree = "<group>";
		};
/* End PBXGroup section */

/* Begin PBXNativeTarget section */
		9B91CB8727201DC500FB5001 /* pg5601examn */ = {
			isa = PBXNativeTarget;
			buildConfigurationList = 9B91CBB227201DC900FB5001 /* Build configuration list for PBXNativeTarget "pg5601examn" */;
			buildPhases = (
				9B91CB8427201DC500FB5001 /* Sources */,
				9B91CB8527201DC500FB5001 /* Frameworks */,
				9B91CB8627201DC500FB5001 /* Resources */,
			);
			buildRules = (
			);
			dependencies = (
			);
			name = pg5601examn;
			productName = pg5601examn;
			productReference = 9B91CB8827201DC500FB5001 /* pg5601examn.app */;
			productType = "com.apple.product-type.application";
		};
		9B91CB9D27201DC900FB5001 /* pg5601examnTests */ = {
			isa = PBXNativeTarget;
			buildConfigurationList = 9B91CBB527201DC900FB5001 /* Build configuration list for PBXNativeTarget "pg5601examnTests" */;
			buildPhases = (
				9B91CB9A27201DC900FB5001 /* Sources */,
				9B91CB9B27201DC900FB5001 /* Frameworks */,
				9B91CB9C27201DC900FB5001 /* Resources */,
			);
			buildRules = (
			);
			dependencies = (
				9B91CBA027201DC900FB5001 /* PBXTargetDependency */,
			);
			name = pg5601examnTests;
			productName = pg5601examnTests;
			productReference = 9B91CB9E27201DC900FB5001 /* pg5601examnTests.xctest */;
			productType = "com.apple.product-type.bundle.unit-test";
		};
		9B91CBA727201DC900FB5001 /* pg5601examnUITests */ = {
			isa = PBXNativeTarget;
			buildConfigurationList = 9B91CBB827201DC900FB5001 /* Build configuration list for PBXNativeTarget "pg5601examnUITests" */;
			buildPhases = (
				9B91CBA427201DC900FB5001 /* Sources */,
				9B91CBA527201DC900FB5001 /* Frameworks */,
				9B91CBA627201DC900FB5001 /* Resources */,
			);
			buildRules = (
			);
			dependencies = (
				9B91CBAA27201DC900FB5001 /* PBXTargetDependency */,
			);
			name = pg5601examnUITests;
			productName = pg5601examnUITests;
			productReference = 9B91CBA827201DC900FB5001 /* pg5601examnUITests.xctest */;
			productType = "com.apple.product-type.bundle.ui-testing";
		};
/* End PBXNativeTarget section */

/* Begin PBXProject section */
		9B91CB8027201DC500FB5001 /* Project object */ = {
			isa = PBXProject;
			attributes = {
				BuildIndependentTargetsInParallel = 1;
				LastSwiftUpdateCheck = 1300;
				LastUpgradeCheck = 1300;
				TargetAttributes = {
					9B91CB8727201DC500FB5001 = {
						CreatedOnToolsVersion = 13.0;
					};
					9B91CB9D27201DC900FB5001 = {
						CreatedOnToolsVersion = 13.0;
						TestTargetID = 9B91CB8727201DC500FB5001;
					};
					9B91CBA727201DC900FB5001 = {
						CreatedOnToolsVersion = 13.0;
						TestTargetID = 9B91CB8727201DC500FB5001;
					};
				};
			};
			buildConfigurationList = 9B91CB8327201DC500FB5001 /* Build configuration list for PBXProject "pg5601examn" */;
			compatibilityVersion = "Xcode 13.0";
			developmentRegion = en;
			hasScannedForEncodings = 0;
			knownRegions = (
				en,
				Base,
			);
			mainGroup = 9B91CB7F27201DC500FB5001;
			productRefGroup = 9B91CB8927201DC500FB5001 /* Products */;
			projectDirPath = "";
			projectRoot = "";
			targets = (
				9B91CB8727201DC500FB5001 /* pg5601examn */,
				9B91CB9D27201DC900FB5001 /* pg5601examnTests */,
				9B91CBA727201DC900FB5001 /* pg5601examnUITests */,
			);
		};
/* End PBXProject section */

/* Begin PBXResourcesBuildPhase section */
		9B91CB8627201DC500FB5001 /* Resources */ = {
			isa = PBXResourcesBuildPhase;
			buildActionMask = 2147483647;
			files = (
				9B8B26DC2721831C00927B9A /* UserTableViewCell.xib in Resources */,
				9B91CB9827201DC900FB5001 /* LaunchScreen.storyboard in Resources */,
				9B91CB9527201DC900FB5001 /* Assets.xcassets in Resources */,
				9B91CB9327201DC500FB5001 /* Main.storyboard in Resources */,
			);
			runOnlyForDeploymentPostprocessing = 0;
		};
		9B91CB9C27201DC900FB5001 /* Resources */ = {
			isa = PBXResourcesBuildPhase;
			buildActionMask = 2147483647;
			files = (
			);
			runOnlyForDeploymentPostprocessing = 0;
		};
		9B91CBA627201DC900FB5001 /* Resources */ = {
			isa = PBXResourcesBuildPhase;
			buildActionMask = 2147483647;
			files = (
			);
			runOnlyForDeploymentPostprocessing = 0;
		};
/* End PBXResourcesBuildPhase section */

/* Begin PBXSourcesBuildPhase section */
		9B91CB8427201DC500FB5001 /* Sources */ = {
			isa = PBXSourcesBuildPhase;
			buildActionMask = 2147483647;
			files = (
				9B0200C42726ACF700A01932 /* CustomPin.swift in Sources */,
				9B91CB9027201DC500FB5001 /* ViewController.swift in Sources */,
				9BE6A2952724030600CBC34C /* DataModel.xcdatamodeld in Sources */,
				9B3FC662272DD07000C812FF /* CoreDataManager.swift in Sources */,
				9B91CB8C27201DC500FB5001 /* AppDelegate.swift in Sources */,
				9B8B26DB2721831C00927B9A /* UserTableViewCell.swift in Sources */,
				9B0200BF2725486F00A01932 /* UserConverter.swift in Sources */,
				9B91CBBF2720213300FB5001 /* UserManager.swift in Sources */,
				9BE6A2922723E4E500CBC34C /* MapViewController.swift in Sources */,
				9B91CBC1272024CF00FB5001 /* Users.swift in Sources */,
				9B36ECFE272BE30A003F9D07 /* SettingsViewController.swift in Sources */,
				9B8B26D4272169AE00927B9A /* UserModel.swift in Sources */,
				9BA8978A2721D9730013EA2B /* UserDetailsViewController.swift in Sources */,
				9B0200C62727058E00A01932 /* EditUserViewController.swift in Sources */,
				9B91CB8E27201DC500FB5001 /* SceneDelegate.swift in Sources */,
			);
			runOnlyForDeploymentPostprocessing = 0;
		};
		9B91CB9A27201DC900FB5001 /* Sources */ = {
			isa = PBXSourcesBuildPhase;
			buildActionMask = 2147483647;
			files = (
				9B91CBA327201DC900FB5001 /* pg5601examnTests.swift in Sources */,
			);
			runOnlyForDeploymentPostprocessing = 0;
		};
		9B91CBA427201DC900FB5001 /* Sources */ = {
			isa = PBXSourcesBuildPhase;
			buildActionMask = 2147483647;
			files = (
				9B91CBAD27201DC900FB5001 /* pg5601examnUITests.swift in Sources */,
				9B91CBAF27201DC900FB5001 /* pg5601examnUITestsLaunchTests.swift in Sources */,
			);
			runOnlyForDeploymentPostprocessing = 0;
		};
/* End PBXSourcesBuildPhase section */

/* Begin PBXTargetDependency section */
		9B91CBA027201DC900FB5001 /* PBXTargetDependency */ = {
			isa = PBXTargetDependency;
			target = 9B91CB8727201DC500FB5001 /* pg5601examn */;
			targetProxy = 9B91CB9F27201DC900FB5001 /* PBXContainerItemProxy */;
		};
		9B91CBAA27201DC900FB5001 /* PBXTargetDependency */ = {
			isa = PBXTargetDependency;
			target = 9B91CB8727201DC500FB5001 /* pg5601examn */;
			targetProxy = 9B91CBA927201DC900FB5001 /* PBXContainerItemProxy */;
		};
/* End PBXTargetDependency section */

/* Begin PBXVariantGroup section */
		9B91CB9127201DC500FB5001 /* Main.storyboard */ = {
			isa = PBXVariantGroup;
			children = (
				9B91CB9227201DC500FB5001 /* Base */,
			);
			name = Main.storyboard;
			sourceTree = "<group>";
		};
		9B91CB9627201DC900FB5001 /* LaunchScreen.storyboard */ = {
			isa = PBXVariantGroup;
			children = (
				9B91CB9727201DC900FB5001 /* Base */,
			);
			name = LaunchScreen.storyboard;
			sourceTree = "<group>";
		};
/* End PBXVariantGroup section */

/* Begin XCBuildConfiguration section */
		9B91CBB027201DC900FB5001 /* Debug */ = {
			isa = XCBuildConfiguration;
			buildSettings = {
				ALWAYS_SEARCH_USER_PATHS = NO;
				CLANG_ANALYZER_NONNULL = YES;
				CLANG_ANALYZER_NUMBER_OBJECT_CONVERSION = YES_AGGRESSIVE;
				CLANG_CXX_LANGUAGE_STANDARD = "gnu++17";
				CLANG_CXX_LIBRARY = "libc++";
				CLANG_ENABLE_MODULES = YES;
				CLANG_ENABLE_OBJC_ARC = YES;
				CLANG_ENABLE_OBJC_WEAK = YES;
				CLANG_WARN_BLOCK_CAPTURE_AUTORELEASING = YES;
				CLANG_WARN_BOOL_CONVERSION = YES;
				CLANG_WARN_COMMA = YES;
				CLANG_WARN_CONSTANT_CONVERSION = YES;
				CLANG_WARN_DEPRECATED_OBJC_IMPLEMENTATIONS = YES;
				CLANG_WARN_DIRECT_OBJC_ISA_USAGE = YES_ERROR;
				CLANG_WARN_DOCUMENTATION_COMMENTS = YES;
				CLANG_WARN_EMPTY_BODY = YES;
				CLANG_WARN_ENUM_CONVERSION = YES;
				CLANG_WARN_INFINITE_RECURSION = YES;
				CLANG_WARN_INT_CONVERSION = YES;
				CLANG_WARN_NON_LITERAL_NULL_CONVERSION = YES;
				CLANG_WARN_OBJC_IMPLICIT_RETAIN_SELF = YES;
				CLANG_WARN_OBJC_LITERAL_CONVERSION = YES;
				CLANG_WARN_OBJC_ROOT_CLASS = YES_ERROR;
				CLANG_WARN_QUOTED_INCLUDE_IN_FRAMEWORK_HEADER = YES;
				CLANG_WARN_RANGE_LOOP_ANALYSIS = YES;
				CLANG_WARN_STRICT_PROTOTYPES = YES;
				CLANG_WARN_SUSPICIOUS_MOVE = YES;
				CLANG_WARN_UNGUARDED_AVAILABILITY = YES_AGGRESSIVE;
				CLANG_WARN_UNREACHABLE_CODE = YES;
				CLANG_WARN__DUPLICATE_METHOD_MATCH = YES;
				COPY_PHASE_STRIP = NO;
				DEBUG_INFORMATION_FORMAT = dwarf;
				ENABLE_STRICT_OBJC_MSGSEND = YES;
				ENABLE_TESTABILITY = YES;
				GCC_C_LANGUAGE_STANDARD = gnu11;
				GCC_DYNAMIC_NO_PIC = NO;
				GCC_NO_COMMON_BLOCKS = YES;
				GCC_OPTIMIZATION_LEVEL = 0;
				GCC_PREPROCESSOR_DEFINITIONS = (
					"DEBUG=1",
					"$(inherited)",
				);
				GCC_WARN_64_TO_32_BIT_CONVERSION = YES;
				GCC_WARN_ABOUT_RETURN_TYPE = YES_ERROR;
				GCC_WARN_UNDECLARED_SELECTOR = YES;
				GCC_WARN_UNINITIALIZED_AUTOS = YES_AGGRESSIVE;
				GCC_WARN_UNUSED_FUNCTION = YES;
				GCC_WARN_UNUSED_VARIABLE = YES;
				IPHONEOS_DEPLOYMENT_TARGET = 15.0;
				MTL_ENABLE_DEBUG_INFO = INCLUDE_SOURCE;
				MTL_FAST_MATH = YES;
				ONLY_ACTIVE_ARCH = YES;
				SDKROOT = iphoneos;
				SWIFT_ACTIVE_COMPILATION_CONDITIONS = DEBUG;
				SWIFT_OPTIMIZATION_LEVEL = "-Onone";
			};
			name = Debug;
		};
		9B91CBB127201DC900FB5001 /* Release */ = {
			isa = XCBuildConfiguration;
			buildSettings = {
				ALWAYS_SEARCH_USER_PATHS = NO;
				CLANG_ANALYZER_NONNULL = YES;
				CLANG_ANALYZER_NUMBER_OBJECT_CONVERSION = YES_AGGRESSIVE;
				CLANG_CXX_LANGUAGE_STANDARD = "gnu++17";
				CLANG_CXX_LIBRARY = "libc++";
				CLANG_ENABLE_MODULES = YES;
				CLANG_ENABLE_OBJC_ARC = YES;
				CLANG_ENABLE_OBJC_WEAK = YES;
				CLANG_WARN_BLOCK_CAPTURE_AUTORELEASING = YES;
				CLANG_WARN_BOOL_CONVERSION = YES;
				CLANG_WARN_COMMA = YES;
				CLANG_WARN_CONSTANT_CONVERSION = YES;
				CLANG_WARN_DEPRECATED_OBJC_IMPLEMENTATIONS = YES;
				CLANG_WARN_DIRECT_OBJC_ISA_USAGE = YES_ERROR;
				CLANG_WARN_DOCUMENTATION_COMMENTS = YES;
				CLANG_WARN_EMPTY_BODY = YES;
				CLANG_WARN_ENUM_CONVERSION = YES;
				CLANG_WARN_INFINITE_RECURSION = YES;
				CLANG_WARN_INT_CONVERSION = YES;
				CLANG_WARN_NON_LITERAL_NULL_CONVERSION = YES;
				CLANG_WARN_OBJC_IMPLICIT_RETAIN_SELF = YES;
				CLANG_WARN_OBJC_LITERAL_CONVERSION = YES;
				CLANG_WARN_OBJC_ROOT_CLASS = YES_ERROR;
				CLANG_WARN_QUOTED_INCLUDE_IN_FRAMEWORK_HEADER = YES;
				CLANG_WARN_RANGE_LOOP_ANALYSIS = YES;
				CLANG_WARN_STRICT_PROTOTYPES = YES;
				CLANG_WARN_SUSPICIOUS_MOVE = YES;
				CLANG_WARN_UNGUARDED_AVAILABILITY = YES_AGGRESSIVE;
				CLANG_WARN_UNREACHABLE_CODE = YES;
				CLANG_WARN__DUPLICATE_METHOD_MATCH = YES;
				COPY_PHASE_STRIP = NO;
				DEBUG_INFORMATION_FORMAT = "dwarf-with-dsym";
				ENABLE_NS_ASSERTIONS = NO;
				ENABLE_STRICT_OBJC_MSGSEND = YES;
				GCC_C_LANGUAGE_STANDARD = gnu11;
				GCC_NO_COMMON_BLOCKS = YES;
				GCC_WARN_64_TO_32_BIT_CONVERSION = YES;
				GCC_WARN_ABOUT_RETURN_TYPE = YES_ERROR;
				GCC_WARN_UNDECLARED_SELECTOR = YES;
				GCC_WARN_UNINITIALIZED_AUTOS = YES_AGGRESSIVE;
				GCC_WARN_UNUSED_FUNCTION = YES;
				GCC_WARN_UNUSED_VARIABLE = YES;
				IPHONEOS_DEPLOYMENT_TARGET = 15.0;
				MTL_ENABLE_DEBUG_INFO = NO;
				MTL_FAST_MATH = YES;
				SDKROOT = iphoneos;
				SWIFT_COMPILATION_MODE = wholemodule;
				SWIFT_OPTIMIZATION_LEVEL = "-O";
				VALIDATE_PRODUCT = YES;
			};
			name = Release;
		};
		9B91CBB327201DC900FB5001 /* Debug */ = {
			isa = XCBuildConfiguration;
			buildSettings = {
				ASSETCATALOG_COMPILER_APPICON_NAME = AppIcon;
				ASSETCATALOG_COMPILER_GLOBAL_ACCENT_COLOR_NAME = AccentColor;
				CODE_SIGN_STYLE = Automatic;
				CURRENT_PROJECT_VERSION = 1;
				DEVELOPMENT_TEAM = 49Z7FH39ZA;
				GENERATE_INFOPLIST_FILE = YES;
				INFOPLIST_FILE = pg5601examn/Info.plist;
				INFOPLIST_KEY_UIApplicationSupportsIndirectInputEvents = YES;
				INFOPLIST_KEY_UILaunchStoryboardName = LaunchScreen;
				INFOPLIST_KEY_UIMainStoryboardFile = Main;
				INFOPLIST_KEY_UISupportedInterfaceOrientations_iPad = "UIInterfaceOrientationPortrait UIInterfaceOrientationPortraitUpsideDown UIInterfaceOrientationLandscapeLeft UIInterfaceOrientationLandscapeRight";
				INFOPLIST_KEY_UISupportedInterfaceOrientations_iPhone = "UIInterfaceOrientationPortrait UIInterfaceOrientationLandscapeLeft UIInterfaceOrientationLandscapeRight";
				LD_RUNPATH_SEARCH_PATHS = (
					"$(inherited)",
					"@executable_path/Frameworks",
				);
				MARKETING_VERSION = 1.0;
				PRODUCT_BUNDLE_IDENTIFIER = no.olavhl.pg5601examn;
				PRODUCT_NAME = "$(TARGET_NAME)";
				SWIFT_EMIT_LOC_STRINGS = YES;
				SWIFT_VERSION = 5.0;
				TARGETED_DEVICE_FAMILY = "1,2";
			};
			name = Debug;
		};
		9B91CBB427201DC900FB5001 /* Release */ = {
			isa = XCBuildConfiguration;
			buildSettings = {
				ASSETCATALOG_COMPILER_APPICON_NAME = AppIcon;
				ASSETCATALOG_COMPILER_GLOBAL_ACCENT_COLOR_NAME = AccentColor;
				CODE_SIGN_STYLE = Automatic;
				CURRENT_PROJECT_VERSION = 1;
				DEVELOPMENT_TEAM = 49Z7FH39ZA;
				GENERATE_INFOPLIST_FILE = YES;
				INFOPLIST_FILE = pg5601examn/Info.plist;
				INFOPLIST_KEY_UIApplicationSupportsIndirectInputEvents = YES;
				INFOPLIST_KEY_UILaunchStoryboardName = LaunchScreen;
				INFOPLIST_KEY_UIMainStoryboardFile = Main;
				INFOPLIST_KEY_UISupportedInterfaceOrientations_iPad = "UIInterfaceOrientationPortrait UIInterfaceOrientationPortraitUpsideDown UIInterfaceOrientationLandscapeLeft UIInterfaceOrientationLandscapeRight";
				INFOPLIST_KEY_UISupportedInterfaceOrientations_iPhone = "UIInterfaceOrientationPortrait UIInterfaceOrientationLandscapeLeft UIInterfaceOrientationLandscapeRight";
				LD_RUNPATH_SEARCH_PATHS = (
					"$(inherited)",
					"@executable_path/Frameworks",
				);
				MARKETING_VERSION = 1.0;
				PRODUCT_BUNDLE_IDENTIFIER = no.olavhl.pg5601examn;
				PRODUCT_NAME = "$(TARGET_NAME)";
				SWIFT_EMIT_LOC_STRINGS = YES;
				SWIFT_VERSION = 5.0;
				TARGETED_DEVICE_FAMILY = "1,2";
			};
			name = Release;
		};
		9B91CBB627201DC900FB5001 /* Debug */ = {
			isa = XCBuildConfiguration;
			buildSettings = {
				ALWAYS_EMBED_SWIFT_STANDARD_LIBRARIES = YES;
				BUNDLE_LOADER = "$(TEST_HOST)";
				CODE_SIGN_STYLE = Automatic;
				CURRENT_PROJECT_VERSION = 1;
				DEVELOPMENT_TEAM = 49Z7FH39ZA;
				GENERATE_INFOPLIST_FILE = YES;
				IPHONEOS_DEPLOYMENT_TARGET = 15.0;
				LD_RUNPATH_SEARCH_PATHS = (
					"$(inherited)",
					"@executable_path/Frameworks",
					"@loader_path/Frameworks",
				);
				MARKETING_VERSION = 1.0;
				PRODUCT_BUNDLE_IDENTIFIER = no.olavhl.pg5601examnTests;
				PRODUCT_NAME = "$(TARGET_NAME)";
				SWIFT_EMIT_LOC_STRINGS = NO;
				SWIFT_VERSION = 5.0;
				TARGETED_DEVICE_FAMILY = "1,2";
				TEST_HOST = "$(BUILT_PRODUCTS_DIR)/pg5601examn.app/pg5601examn";
			};
			name = Debug;
		};
		9B91CBB727201DC900FB5001 /* Release */ = {
			isa = XCBuildConfiguration;
			buildSettings = {
				ALWAYS_EMBED_SWIFT_STANDARD_LIBRARIES = YES;
				BUNDLE_LOADER = "$(TEST_HOST)";
				CODE_SIGN_STYLE = Automatic;
				CURRENT_PROJECT_VERSION = 1;
				DEVELOPMENT_TEAM = 49Z7FH39ZA;
				GENERATE_INFOPLIST_FILE = YES;
				IPHONEOS_DEPLOYMENT_TARGET = 15.0;
				LD_RUNPATH_SEARCH_PATHS = (
					"$(inherited)",
					"@executable_path/Frameworks",
					"@loader_path/Frameworks",
				);
				MARKETING_VERSION = 1.0;
				PRODUCT_BUNDLE_IDENTIFIER = no.olavhl.pg5601examnTests;
				PRODUCT_NAME = "$(TARGET_NAME)";
				SWIFT_EMIT_LOC_STRINGS = NO;
				SWIFT_VERSION = 5.0;
				TARGETED_DEVICE_FAMILY = "1,2";
				TEST_HOST = "$(BUILT_PRODUCTS_DIR)/pg5601examn.app/pg5601examn";
			};
			name = Release;
		};
		9B91CBB927201DC900FB5001 /* Debug */ = {
			isa = XCBuildConfiguration;
			buildSettings = {
				ALWAYS_EMBED_SWIFT_STANDARD_LIBRARIES = YES;
				CODE_SIGN_STYLE = Automatic;
				CURRENT_PROJECT_VERSION = 1;
				DEVELOPMENT_TEAM = 49Z7FH39ZA;
				GENERATE_INFOPLIST_FILE = YES;
				LD_RUNPATH_SEARCH_PATHS = (
					"$(inherited)",
					"@executable_path/Frameworks",
					"@loader_path/Frameworks",
				);
				MARKETING_VERSION = 1.0;
				PRODUCT_BUNDLE_IDENTIFIER = no.olavhl.pg5601examnUITests;
				PRODUCT_NAME = "$(TARGET_NAME)";
				SWIFT_EMIT_LOC_STRINGS = NO;
				SWIFT_VERSION = 5.0;
				TARGETED_DEVICE_FAMILY = "1,2";
				TEST_TARGET_NAME = pg5601examn;
			};
			name = Debug;
		};
		9B91CBBA27201DC900FB5001 /* Release */ = {
			isa = XCBuildConfiguration;
			buildSettings = {
				ALWAYS_EMBED_SWIFT_STANDARD_LIBRARIES = YES;
				CODE_SIGN_STYLE = Automatic;
				CURRENT_PROJECT_VERSION = 1;
				DEVELOPMENT_TEAM = 49Z7FH39ZA;
				GENERATE_INFOPLIST_FILE = YES;
				LD_RUNPATH_SEARCH_PATHS = (
					"$(inherited)",
					"@executable_path/Frameworks",
					"@loader_path/Frameworks",
				);
				MARKETING_VERSION = 1.0;
				PRODUCT_BUNDLE_IDENTIFIER = no.olavhl.pg5601examnUITests;
				PRODUCT_NAME = "$(TARGET_NAME)";
				SWIFT_EMIT_LOC_STRINGS = NO;
				SWIFT_VERSION = 5.0;
				TARGETED_DEVICE_FAMILY = "1,2";
				TEST_TARGET_NAME = pg5601examn;
			};
			name = Release;
		};
/* End XCBuildConfiguration section */

/* Begin XCConfigurationList section */
		9B91CB8327201DC500FB5001 /* Build configuration list for PBXProject "pg5601examn" */ = {
			isa = XCConfigurationList;
			buildConfigurations = (
				9B91CBB027201DC900FB5001 /* Debug */,
				9B91CBB127201DC900FB5001 /* Release */,
			);
			defaultConfigurationIsVisible = 0;
			defaultConfigurationName = Release;
		};
		9B91CBB227201DC900FB5001 /* Build configuration list for PBXNativeTarget "pg5601examn" */ = {
			isa = XCConfigurationList;
			buildConfigurations = (
				9B91CBB327201DC900FB5001 /* Debug */,
				9B91CBB427201DC900FB5001 /* Release */,
			);
			defaultConfigurationIsVisible = 0;
			defaultConfigurationName = Release;
		};
		9B91CBB527201DC900FB5001 /* Build configuration list for PBXNativeTarget "pg5601examnTests" */ = {
			isa = XCConfigurationList;
			buildConfigurations = (
				9B91CBB627201DC900FB5001 /* Debug */,
				9B91CBB727201DC900FB5001 /* Release */,
			);
			defaultConfigurationIsVisible = 0;
			defaultConfigurationName = Release;
		};
		9B91CBB827201DC900FB5001 /* Build configuration list for PBXNativeTarget "pg5601examnUITests" */ = {
			isa = XCConfigurationList;
			buildConfigurations = (
				9B91CBB927201DC900FB5001 /* Debug */,
				9B91CBBA27201DC900FB5001 /* Release */,
			);
			defaultConfigurationIsVisible = 0;
			defaultConfigurationName = Release;
		};
/* End XCConfigurationList section */

/* Begin XCVersionGroup section */
		9BE6A2932724030600CBC34C /* DataModel.xcdatamodeld */ = {
			isa = XCVersionGroup;
			children = (
				9BE6A2942724030600CBC34C /* DataModel.xcdatamodel */,
			);
			currentVersion = 9BE6A2942724030600CBC34C /* DataModel.xcdatamodel */;
			path = DataModel.xcdatamodeld;
			sourceTree = "<group>";
			versionGroupType = wrapper.xcdatamodel;
		};
/* End XCVersionGroup section */
	};
	rootObject = 9B91CB8027201DC500FB5001 /* Project object */;
}
